
Microsoft Visual Studio Solution File, Format Version 12.00
# Visual Studio Version 16
VisualStudioVersion = 16.0.31702.278
MinimumVisualStudioVersion = 10.0.40219.1
Project("{FAE04EC0-301F-11D3-BF4B-00C04F79EFBC}") = "Quoridor.Controller", "Quoridor\Quoridor.Controller.csproj", "{4F78BD5C-A54D-4CFB-BCA3-5CB9B3558F88}"
EndProject
Project("{FAE04EC0-301F-11D3-BF4B-00C04F79EFBC}") = "Quoridor.Model", "Quoridor.Model\Quoridor.Model.csproj", "{D4422172-3461-42AF-92EC-DF4760F0F469}"
EndProject
Project("{FAE04EC0-301F-11D3-BF4B-00C04F79EFBC}") = "Quoridor.View", "Quoridor.View\Quoridor.View.csproj", "{311E58E7-8248-4006-AE7C-3B1B2BA6FA70}"
EndProject
Global
	GlobalSection(SolutionConfigurationPlatforms) = preSolution
		Debug|Any CPU = Debug|Any CPU
		Release|Any CPU = Release|Any CPU
	EndGlobalSection
	GlobalSection(ProjectConfigurationPlatforms) = postSolution
		{4F78BD5C-A54D-4CFB-BCA3-5CB9B3558F88}.Debug|Any CPU.ActiveCfg = Debug|Any CPU
		{4F78BD5C-A54D-4CFB-BCA3-5CB9B3558F88}.Debug|Any CPU.Build.0 = Debug|Any CPU
		{4F78BD5C-A54D-4CFB-BCA3-5CB9B3558F88}.Release|Any CPU.ActiveCfg = Release|Any CPU
		{4F78BD5C-A54D-4CFB-BCA3-5CB9B3558F88}.Release|Any CPU.Build.0 = Release|Any CPU
		{D4422172-3461-42AF-92EC-DF4760F0F469}.Debug|Any CPU.ActiveCfg = Debug|Any CPU
		{D4422172-3461-42AF-92EC-DF4760F0F469}.Debug|Any CPU.Build.0 = Debug|Any CPU
		{D4422172-3461-42AF-92EC-DF4760F0F469}.Release|Any CPU.ActiveCfg = Release|Any CPU
		{D4422172-3461-42AF-92EC-DF4760F0F469}.Release|Any CPU.Build.0 = Release|Any CPU
		{311E58E7-8248-4006-AE7C-3B1B2BA6FA70}.Debug|Any CPU.ActiveCfg = Debug|Any CPU
		{311E58E7-8248-4006-AE7C-3B1B2BA6FA70}.Debug|Any CPU.Build.0 = Debug|Any CPU
		{311E58E7-8248-4006-AE7C-3B1B2BA6FA70}.Release|Any CPU.ActiveCfg = Release|Any CPU
		{311E58E7-8248-4006-AE7C-3B1B2BA6FA70}.Release|Any CPU.Build.0 = Release|Any CPU
	EndGlobalSection
	GlobalSection(SolutionProperties) = preSolution
		HideSolutionNode = FALSE
	EndGlobalSection
	GlobalSection(ExtensibilityGlobals) = postSolution
		SolutionGuid = {A149A472-EF8C-4ECD-AA20-336538212979}
	EndGlobalSection
EndGlobal
